
Microsoft Visual Studio Solution File, Format Version 12.00
# Visual Studio Version 16
VisualStudioVersion = 16.0.30804.86
MinimumVisualStudioVersion = 10.0.40219.1
Project("{FAE04EC0-301F-11D3-BF4B-00C04F79EFBC}") = "Mid_Exam_2019_Task.01_Black_Flag", "Mid_Exam_2019_Task.01_Black_Flag\Mid_Exam_2019_Task.01_Black_Flag.csproj", "{A28CE5BC-F79F-4056-98C2-36C4A6FBCABE}"
EndProject
Project("{FAE04EC0-301F-11D3-BF4B-00C04F79EFBC}") = "Mid_Exam_2019_Task.02_Treasure Hunt", "Mid_Exam_2019_Task.02_Treasure Hunt\Mid_Exam_2019_Task.02_Treasure Hunt.csproj", "{686A8495-EA8C-4D31-9371-D559789488A3}"
EndProject
Project("{FAE04EC0-301F-11D3-BF4B-00C04F79EFBC}") = "Mid_Exam_2019_Task.03_Man_O_War", "Mid_Exam_2019_Task.03_Man_O_War\Mid_Exam_2019_Task.03_Man_O_War.csproj", "{7E579DBF-C431-4930-A8A7-60C68ABCE074}"
EndProject
Project("{FAE04EC0-301F-11D3-BF4B-00C04F79EFBC}") = "Retake_Mid_Exam_2019_Task.01. Computer Store", "Retake_Mid_Exam_2019_Task.01. Computer Store\Retake_Mid_Exam_2019_Task.01. Computer Store.csproj", "{3B7C10AF-ACCE-4539-876C-B3B32C5DCA99}"
EndProject
Project("{FAE04EC0-301F-11D3-BF4B-00C04F79EFBC}") = "Retake_Mid_Exam_2019_Task.02. The Lift", "Retake_Mid_Exam_2019_Task.02. The Lift\Retake_Mid_Exam_2019_Task.02. The Lift.csproj", "{D963FF7B-6316-4DA9-99D0-E2166843E393}"
EndProject
Project("{FAE04EC0-301F-11D3-BF4B-00C04F79EFBC}") = "Retake_Mid_Exam_2019_Task.03. Memory Game", "Retake_Mid_Exam_2019_Task.03. Memory Game\Retake_Mid_Exam_2019_Task.03. Memory Game.csproj", "{99234E6F-21E2-438A-A0CA-9E9DB3BF4829}"
EndProject
Project("{FAE04EC0-301F-11D3-BF4B-00C04F79EFBC}") = "02_Programming_Fundamentals_Mid_Exam_01.SoftUni_Reception", "02_Programming_Fundamentals_Mid_Exam_01.SoftUni_Reception\02_Programming_Fundamentals_Mid_Exam_01.SoftUni_Reception.csproj", "{ACD9F355-64F6-42D6-8843-6B3A50463830}"
EndProject
Project("{FAE04EC0-301F-11D3-BF4B-00C04F79EFBC}") = "02_Programming_Fundamentals_Mid_Exam_02. Array Modifier", "02_Programming_Fundamentals_Mid_Exam_02. Array Modifier\02_Programming_Fundamentals_Mid_Exam_02. Array Modifier.csproj", "{3E361042-F4E4-4B73-9429-7981F494A697}"
EndProject
Project("{FAE04EC0-301F-11D3-BF4B-00C04F79EFBC}") = "02_Programming_Fundamentals_Mid_Exam_03.Numbers", "02_Programming_Fundamentals_Mid_Exam_03.Numbers\02_Programming_Fundamentals_Mid_Exam_03.Numbers.csproj", "{38949928-ACB7-450A-9DEA-A23E551FF55D}"
EndProject
Project("{FAE04EC0-301F-11D3-BF4B-00C04F79EFBC}") = "03_Programming_Fundamentals_Mid_Exam_Retake_01.Counter_Strike", "03_Programming_Fundamentals_Mid_Exam_Retake_01.Counter_Strike\03_Programming_Fundamentals_Mid_Exam_Retake_01.Counter_Strike.csproj", "{1CFF214D-BB4A-4071-A87F-9B58032B05EC}"
EndProject
Project("{FAE04EC0-301F-11D3-BF4B-00C04F79EFBC}") = "03_Programming_Fundamentals_Mid_Exam_Retake_0", "03_Programming_Fundamentals_Mid_Exam_Retake_0\03_Programming_Fundamentals_Mid_Exam_Retake_0.csproj", "{95BE18CA-74F8-4213-845B-07169D937D95}"
EndProject
Project("{FAE04EC0-301F-11D3-BF4B-00C04F79EFBC}") = "03_Programming_Fundamentals_Mid_Exam_Retake_03. Moving Target", "03_Programming_Fundamentals_Mid_Exam_Retake_03. Moving Target\03_Programming_Fundamentals_Mid_Exam_Retake_03. Moving Target.csproj", "{688B9F41-596F-4915-9190-702604CF3560}"
EndProject
Project("{FAE04EC0-301F-11D3-BF4B-00C04F79EFBC}") = "04. Programming Fundamentals Mid Exam_ 01. National Court", "04. Programming Fundamentals Mid Exam_ 01. National Court\04. Programming Fundamentals Mid Exam_ 01. National Court.csproj", "{8398D684-C309-4F84-B148-241F1F354C47}"
EndProject
Project("{FAE04EC0-301F-11D3-BF4B-00C04F79EFBC}") = "04. Programming Fundamentals Mid Exam_02. Shopping List", "04. Programming Fundamentals Mid Exam_02. Shopping List\04. Programming Fundamentals Mid Exam_02. Shopping List.csproj", "{47CFDF55-81AE-4FA6-902A-5C4508011167}"
EndProject
Project("{FAE04EC0-301F-11D3-BF4B-00C04F79EFBC}") = "04. Programming Fundamentals Mid Exam_03. Heart Delivery", "04. Programming Fundamentals Mid Exam_03. Heart Delivery\04. Programming Fundamentals Mid Exam_03. Heart Delivery.csproj", "{A470D809-BA8F-4787-82EF-0E4DB1FF7BFD}"
EndProject
Global
	GlobalSection(SolutionConfigurationPlatforms) = preSolution
		Debug|Any CPU = Debug|Any CPU
		Release|Any CPU = Release|Any CPU
	EndGlobalSection
	GlobalSection(ProjectConfigurationPlatforms) = postSolution
		{A28CE5BC-F79F-4056-98C2-36C4A6FBCABE}.Debug|Any CPU.ActiveCfg = Debug|Any CPU
		{A28CE5BC-F79F-4056-98C2-36C4A6FBCABE}.Debug|Any CPU.Build.0 = Debug|Any CPU
		{A28CE5BC-F79F-4056-98C2-36C4A6FBCABE}.Release|Any CPU.ActiveCfg = Release|Any CPU
		{A28CE5BC-F79F-4056-98C2-36C4A6FBCABE}.Release|Any CPU.Build.0 = Release|Any CPU
		{686A8495-EA8C-4D31-9371-D559789488A3}.Debug|Any CPU.ActiveCfg = Debug|Any CPU
		{686A8495-EA8C-4D31-9371-D559789488A3}.Debug|Any CPU.Build.0 = Debug|Any CPU
		{686A8495-EA8C-4D31-9371-D559789488A3}.Release|Any CPU.ActiveCfg = Release|Any CPU
		{686A8495-EA8C-4D31-9371-D559789488A3}.Release|Any CPU.Build.0 = Release|Any CPU
		{7E579DBF-C431-4930-A8A7-60C68ABCE074}.Debug|Any CPU.ActiveCfg = Debug|Any CPU
		{7E579DBF-C431-4930-A8A7-60C68ABCE074}.Debug|Any CPU.Build.0 = Debug|Any CPU
		{7E579DBF-C431-4930-A8A7-60C68ABCE074}.Release|Any CPU.ActiveCfg = Release|Any CPU
		{7E579DBF-C431-4930-A8A7-60C68ABCE074}.Release|Any CPU.Build.0 = Release|Any CPU
		{3B7C10AF-ACCE-4539-876C-B3B32C5DCA99}.Debug|Any CPU.ActiveCfg = Debug|Any CPU
		{3B7C10AF-ACCE-4539-876C-B3B32C5DCA99}.Debug|Any CPU.Build.0 = Debug|Any CPU
		{3B7C10AF-ACCE-4539-876C-B3B32C5DCA99}.Release|Any CPU.ActiveCfg = Release|Any CPU
		{3B7C10AF-ACCE-4539-876C-B3B32C5DCA99}.Release|Any CPU.Build.0 = Release|Any CPU
		{D963FF7B-6316-4DA9-99D0-E2166843E393}.Debug|Any CPU.ActiveCfg = Debug|Any CPU
		{D963FF7B-6316-4DA9-99D0-E2166843E393}.Debug|Any CPU.Build.0 = Debug|Any CPU
		{D963FF7B-6316-4DA9-99D0-E2166843E393}.Release|Any CPU.ActiveCfg = Release|Any CPU
		{D963FF7B-6316-4DA9-99D0-E2166843E393}.Release|Any CPU.Build.0 = Release|Any CPU
		{99234E6F-21E2-438A-A0CA-9E9DB3BF4829}.Debug|Any CPU.ActiveCfg = Debug|Any CPU
		{99234E6F-21E2-438A-A0CA-9E9DB3BF4829}.Debug|Any CPU.Build.0 = Debug|Any CPU
		{99234E6F-21E2-438A-A0CA-9E9DB3BF4829}.Release|Any CPU.ActiveCfg = Release|Any CPU
		{99234E6F-21E2-438A-A0CA-9E9DB3BF4829}.Release|Any CPU.Build.0 = Release|Any CPU
		{ACD9F355-64F6-42D6-8843-6B3A50463830}.Debug|Any CPU.ActiveCfg = Debug|Any CPU
		{ACD9F355-64F6-42D6-8843-6B3A50463830}.Debug|Any CPU.Build.0 = Debug|Any CPU
		{ACD9F355-64F6-42D6-8843-6B3A50463830}.Release|Any CPU.ActiveCfg = Release|Any CPU
		{ACD9F355-64F6-42D6-8843-6B3A50463830}.Release|Any CPU.Build.0 = Release|Any CPU
		{3E361042-F4E4-4B73-9429-7981F494A697}.Debug|Any CPU.ActiveCfg = Debug|Any CPU
		{3E361042-F4E4-4B73-9429-7981F494A697}.Debug|Any CPU.Build.0 = Debug|Any CPU
		{3E361042-F4E4-4B73-9429-7981F494A697}.Release|Any CPU.ActiveCfg = Release|Any CPU
		{3E361042-F4E4-4B73-9429-7981F494A697}.Release|Any CPU.Build.0 = Release|Any CPU
		{38949928-ACB7-450A-9DEA-A23E551FF55D}.Debug|Any CPU.ActiveCfg = Debug|Any CPU
		{38949928-ACB7-450A-9DEA-A23E551FF55D}.Debug|Any CPU.Build.0 = Debug|Any CPU
		{38949928-ACB7-450A-9DEA-A23E551FF55D}.Release|Any CPU.ActiveCfg = Release|Any CPU
		{38949928-ACB7-450A-9DEA-A23E551FF55D}.Release|Any CPU.Build.0 = Release|Any CPU
		{1CFF214D-BB4A-4071-A87F-9B58032B05EC}.Debug|Any CPU.ActiveCfg = Debug|Any CPU
		{1CFF214D-BB4A-4071-A87F-9B58032B05EC}.Debug|Any CPU.Build.0 = Debug|Any CPU
		{1CFF214D-BB4A-4071-A87F-9B58032B05EC}.Release|Any CPU.ActiveCfg = Release|Any CPU
		{1CFF214D-BB4A-4071-A87F-9B58032B05EC}.Release|Any CPU.Build.0 = Release|Any CPU
		{95BE18CA-74F8-4213-845B-07169D937D95}.Debug|Any CPU.ActiveCfg = Debug|Any CPU
		{95BE18CA-74F8-4213-845B-07169D937D95}.Debug|Any CPU.Build.0 = Debug|Any CPU
		{95BE18CA-74F8-4213-845B-07169D937D95}.Release|Any CPU.ActiveCfg = Release|Any CPU
		{95BE18CA-74F8-4213-845B-07169D937D95}.Release|Any CPU.Build.0 = Release|Any CPU
		{688B9F41-596F-4915-9190-702604CF3560}.Debug|Any CPU.ActiveCfg = Debug|Any CPU
		{688B9F41-596F-4915-9190-702604CF3560}.Debug|Any CPU.Build.0 = Debug|Any CPU
		{688B9F41-596F-4915-9190-702604CF3560}.Release|Any CPU.ActiveCfg = Release|Any CPU
		{688B9F41-596F-4915-9190-702604CF3560}.Release|Any CPU.Build.0 = Release|Any CPU
		{8398D684-C309-4F84-B148-241F1F354C47}.Debug|Any CPU.ActiveCfg = Debug|Any CPU
		{8398D684-C309-4F84-B148-241F1F354C47}.Debug|Any CPU.Build.0 = Debug|Any CPU
		{8398D684-C309-4F84-B148-241F1F354C47}.Release|Any CPU.ActiveCfg = Release|Any CPU
		{8398D684-C309-4F84-B148-241F1F354C47}.Release|Any CPU.Build.0 = Release|Any CPU
		{47CFDF55-81AE-4FA6-902A-5C4508011167}.Debug|Any CPU.ActiveCfg = Debug|Any CPU
		{47CFDF55-81AE-4FA6-902A-5C4508011167}.Debug|Any CPU.Build.0 = Debug|Any CPU
		{47CFDF55-81AE-4FA6-902A-5C4508011167}.Release|Any CPU.ActiveCfg = Release|Any CPU
		{47CFDF55-81AE-4FA6-902A-5C4508011167}.Release|Any CPU.Build.0 = Release|Any CPU
		{A470D809-BA8F-4787-82EF-0E4DB1FF7BFD}.Debug|Any CPU.ActiveCfg = Debug|Any CPU
		{A470D809-BA8F-4787-82EF-0E4DB1FF7BFD}.Debug|Any CPU.Build.0 = Debug|Any CPU
		{A470D809-BA8F-4787-82EF-0E4DB1FF7BFD}.Release|Any CPU.ActiveCfg = Release|Any CPU
		{A470D809-BA8F-4787-82EF-0E4DB1FF7BFD}.Release|Any CPU.Build.0 = Release|Any CPU
	EndGlobalSection
	GlobalSection(SolutionProperties) = preSolution
		HideSolutionNode = FALSE
	EndGlobalSection
	GlobalSection(ExtensibilityGlobals) = postSolution
		SolutionGuid = {887D45FE-5997-4029-8301-164975F3C240}
	EndGlobalSection
EndGlobal
